// !$*UTF8*$!
{
	archiveVersion = 1;
	classes = {
	};
	objectVersion = 50;
	objects = {

/* Begin PBXBuildFile section */
		092AA1BC2070C020000E676D /* Query.swift in Sources */ = {isa = PBXBuildFile; fileRef = 092AA1BB2070C020000E676D /* Query.swift */; };
		09549BFB206F80CC003F7D43 /* AppDelegate.swift in Sources */ = {isa = PBXBuildFile; fileRef = 09549BFA206F80CC003F7D43 /* AppDelegate.swift */; };
		09549BFD206F80CC003F7D43 /* SearchViewController.swift in Sources */ = {isa = PBXBuildFile; fileRef = 09549BFC206F80CC003F7D43 /* SearchViewController.swift */; };
		09549C00206F80CC003F7D43 /* Main.storyboard in Resources */ = {isa = PBXBuildFile; fileRef = 09549BFE206F80CC003F7D43 /* Main.storyboard */; };
		09549C03206F80CC003F7D43 /* Careem_Movier.xcdatamodeld in Sources */ = {isa = PBXBuildFile; fileRef = 09549C01206F80CC003F7D43 /* Careem_Movier.xcdatamodeld */; };
		09549C05206F80CE003F7D43 /* Assets.xcassets in Resources */ = {isa = PBXBuildFile; fileRef = 09549C04206F80CE003F7D43 /* Assets.xcassets */; };
		09549C08206F80CE003F7D43 /* LaunchScreen.storyboard in Resources */ = {isa = PBXBuildFile; fileRef = 09549C06206F80CE003F7D43 /* LaunchScreen.storyboard */; };
		09549C13206F80CE003F7D43 /* Careem_MovierTests.swift in Sources */ = {isa = PBXBuildFile; fileRef = 09549C12206F80CE003F7D43 /* Careem_MovierTests.swift */; };
		09549C1E206F80CE003F7D43 /* Careem_MovierUITests.swift in Sources */ = {isa = PBXBuildFile; fileRef = 09549C1D206F80CE003F7D43 /* Careem_MovierUITests.swift */; };
		09549C2C206F8359003F7D43 /* SearchViewTrait.swift in Sources */ = {isa = PBXBuildFile; fileRef = 09549C2B206F8359003F7D43 /* SearchViewTrait.swift */; };
		09549C2E206F83A3003F7D43 /* SearchInteractor.swift in Sources */ = {isa = PBXBuildFile; fileRef = 09549C2D206F83A3003F7D43 /* SearchInteractor.swift */; };
		09549C30206F8639003F7D43 /* SearchResultCell.swift in Sources */ = {isa = PBXBuildFile; fileRef = 09549C2F206F8639003F7D43 /* SearchResultCell.swift */; };
		09549C32206F8724003F7D43 /* CoreDataStack.swift in Sources */ = {isa = PBXBuildFile; fileRef = 09549C31206F8724003F7D43 /* CoreDataStack.swift */; };
		09549C34206F8831003F7D43 /* DataStoreDelegate.swift in Sources */ = {isa = PBXBuildFile; fileRef = 09549C33206F8831003F7D43 /* DataStoreDelegate.swift */; };
		09549C36206F8D0C003F7D43 /* MoviedbAPI.swift in Sources */ = {isa = PBXBuildFile; fileRef = 09549C35206F8D0C003F7D43 /* MoviedbAPI.swift */; };
		09549C38206F9067003F7D43 /* Extensions.swift in Sources */ = {isa = PBXBuildFile; fileRef = 09549C37206F9067003F7D43 /* Extensions.swift */; };
		09549C3A206F9688003F7D43 /* Movie.swift in Sources */ = {isa = PBXBuildFile; fileRef = 09549C39206F9688003F7D43 /* Movie.swift */; };
		09549C3C206FA44D003F7D43 /* APIDelegate.swift in Sources */ = {isa = PBXBuildFile; fileRef = 09549C3B206FA44D003F7D43 /* APIDelegate.swift */; };
		09549C42206FB622003F7D43 /* Search.swift in Sources */ = {isa = PBXBuildFile; fileRef = 09549C41206FB622003F7D43 /* Search.swift */; };
		09ADC01A2070DDE40034F2E8 /* ActivityIndicatable.swift in Sources */ = {isa = PBXBuildFile; fileRef = 09ADC0192070DDE40034F2E8 /* ActivityIndicatable.swift */; };
		09D34AA6207202D200383AAF /* SuggestionCell.swift in Sources */ = {isa = PBXBuildFile; fileRef = 09D34AA5207202D200383AAF /* SuggestionCell.swift */; };
/* End PBXBuildFile section */

/* Begin PBXContainerItemProxy section */
		09549C0F206F80CE003F7D43 /* PBXContainerItemProxy */ = {
			isa = PBXContainerItemProxy;
			containerPortal = 09549BEF206F80CC003F7D43 /* Project object */;
			proxyType = 1;
			remoteGlobalIDString = 09549BF6206F80CC003F7D43;
			remoteInfo = "Careem Movier";
		};
		09549C1A206F80CE003F7D43 /* PBXContainerItemProxy */ = {
			isa = PBXContainerItemProxy;
			containerPortal = 09549BEF206F80CC003F7D43 /* Project object */;
			proxyType = 1;
			remoteGlobalIDString = 09549BF6206F80CC003F7D43;
			remoteInfo = "Careem Movier";
		};
/* End PBXContainerItemProxy section */

/* Begin PBXFileReference section */
		092AA1BB2070C020000E676D /* Query.swift */ = {isa = PBXFileReference; lastKnownFileType = sourcecode.swift; path = Query.swift; sourceTree = "<group>"; };
		09549BF7206F80CC003F7D43 /* Careem Movier.app */ = {isa = PBXFileReference; explicitFileType = wrapper.application; includeInIndex = 0; path = "Careem Movier.app"; sourceTree = BUILT_PRODUCTS_DIR; };
		09549BFA206F80CC003F7D43 /* AppDelegate.swift */ = {isa = PBXFileReference; lastKnownFileType = sourcecode.swift; path = AppDelegate.swift; sourceTree = "<group>"; };
		09549BFC206F80CC003F7D43 /* SearchViewController.swift */ = {isa = PBXFileReference; lastKnownFileType = sourcecode.swift; path = SearchViewController.swift; sourceTree = "<group>"; };
		09549BFF206F80CC003F7D43 /* Base */ = {isa = PBXFileReference; lastKnownFileType = file.storyboard; name = Base; path = Base.lproj/Main.storyboard; sourceTree = "<group>"; };
		09549C02206F80CC003F7D43 /* Careem_Movier.xcdatamodel */ = {isa = PBXFileReference; lastKnownFileType = wrapper.xcdatamodel; path = Careem_Movier.xcdatamodel; sourceTree = "<group>"; };
		09549C04206F80CE003F7D43 /* Assets.xcassets */ = {isa = PBXFileReference; lastKnownFileType = folder.assetcatalog; path = Assets.xcassets; sourceTree = "<group>"; };
		09549C07206F80CE003F7D43 /* Base */ = {isa = PBXFileReference; lastKnownFileType = file.storyboard; name = Base; path = Base.lproj/LaunchScreen.storyboard; sourceTree = "<group>"; };
		09549C09206F80CE003F7D43 /* Info.plist */ = {isa = PBXFileReference; lastKnownFileType = text.plist.xml; path = Info.plist; sourceTree = "<group>"; };
		09549C0E206F80CE003F7D43 /* Careem MovierTests.xctest */ = {isa = PBXFileReference; explicitFileType = wrapper.cfbundle; includeInIndex = 0; path = "Careem MovierTests.xctest"; sourceTree = BUILT_PRODUCTS_DIR; };
		09549C12206F80CE003F7D43 /* Careem_MovierTests.swift */ = {isa = PBXFileReference; lastKnownFileType = sourcecode.swift; path = Careem_MovierTests.swift; sourceTree = "<group>"; };
		09549C14206F80CE003F7D43 /* Info.plist */ = {isa = PBXFileReference; lastKnownFileType = text.plist.xml; path = Info.plist; sourceTree = "<group>"; };
		09549C19206F80CE003F7D43 /* Careem MovierUITests.xctest */ = {isa = PBXFileReference; explicitFileType = wrapper.cfbundle; includeInIndex = 0; path = "Careem MovierUITests.xctest"; sourceTree = BUILT_PRODUCTS_DIR; };
		09549C1D206F80CE003F7D43 /* Careem_MovierUITests.swift */ = {isa = PBXFileReference; lastKnownFileType = sourcecode.swift; path = Careem_MovierUITests.swift; sourceTree = "<group>"; };
		09549C1F206F80CE003F7D43 /* Info.plist */ = {isa = PBXFileReference; lastKnownFileType = text.plist.xml; path = Info.plist; sourceTree = "<group>"; };
		09549C2B206F8359003F7D43 /* SearchViewTrait.swift */ = {isa = PBXFileReference; lastKnownFileType = sourcecode.swift; path = SearchViewTrait.swift; sourceTree = "<group>"; };
		09549C2D206F83A3003F7D43 /* SearchInteractor.swift */ = {isa = PBXFileReference; lastKnownFileType = sourcecode.swift; path = SearchInteractor.swift; sourceTree = "<group>"; };
		09549C2F206F8639003F7D43 /* SearchResultCell.swift */ = {isa = PBXFileReference; lastKnownFileType = sourcecode.swift; path = SearchResultCell.swift; sourceTree = "<group>"; };
		09549C31206F8724003F7D43 /* CoreDataStack.swift */ = {isa = PBXFileReference; lastKnownFileType = sourcecode.swift; path = CoreDataStack.swift; sourceTree = "<group>"; };
		09549C33206F8831003F7D43 /* DataStoreDelegate.swift */ = {isa = PBXFileReference; lastKnownFileType = sourcecode.swift; path = DataStoreDelegate.swift; sourceTree = "<group>"; };
		09549C35206F8D0C003F7D43 /* MoviedbAPI.swift */ = {isa = PBXFileReference; lastKnownFileType = sourcecode.swift; path = MoviedbAPI.swift; sourceTree = "<group>"; };
		09549C37206F9067003F7D43 /* Extensions.swift */ = {isa = PBXFileReference; lastKnownFileType = sourcecode.swift; path = Extensions.swift; sourceTree = "<group>"; };
		09549C39206F9688003F7D43 /* Movie.swift */ = {isa = PBXFileReference; lastKnownFileType = sourcecode.swift; path = Movie.swift; sourceTree = "<group>"; };
		09549C3B206FA44D003F7D43 /* APIDelegate.swift */ = {isa = PBXFileReference; lastKnownFileType = sourcecode.swift; path = APIDelegate.swift; sourceTree = "<group>"; };
		09549C41206FB622003F7D43 /* Search.swift */ = {isa = PBXFileReference; lastKnownFileType = sourcecode.swift; path = Search.swift; sourceTree = "<group>"; };
		09ADC0192070DDE40034F2E8 /* ActivityIndicatable.swift */ = {isa = PBXFileReference; lastKnownFileType = sourcecode.swift; path = ActivityIndicatable.swift; sourceTree = "<group>"; };
		09D34AA5207202D200383AAF /* SuggestionCell.swift */ = {isa = PBXFileReference; lastKnownFileType = sourcecode.swift; path = SuggestionCell.swift; sourceTree = "<group>"; };
/* End PBXFileReference section */

/* Begin PBXFrameworksBuildPhase section */
		09549BF4206F80CC003F7D43 /* Frameworks */ = {
			isa = PBXFrameworksBuildPhase;
			buildActionMask = 2147483647;
			files = (
			);
			runOnlyForDeploymentPostprocessing = 0;
		};
		09549C0B206F80CE003F7D43 /* Frameworks */ = {
			isa = PBXFrameworksBuildPhase;
			buildActionMask = 2147483647;
			files = (
			);
			runOnlyForDeploymentPostprocessing = 0;
		};
		09549C16206F80CE003F7D43 /* Frameworks */ = {
			isa = PBXFrameworksBuildPhase;
			buildActionMask = 2147483647;
			files = (
			);
			runOnlyForDeploymentPostprocessing = 0;
		};
/* End PBXFrameworksBuildPhase section */

/* Begin PBXGroup section */
		09549BEE206F80CC003F7D43 = {
			isa = PBXGroup;
			children = (
				09549BF9206F80CC003F7D43 /* Careem Movier */,
				09549C11206F80CE003F7D43 /* Careem MovierTests */,
				09549C1C206F80CE003F7D43 /* Careem MovierUITests */,
				09549BF8206F80CC003F7D43 /* Products */,
			);
			sourceTree = "<group>";
		};
		09549BF8206F80CC003F7D43 /* Products */ = {
			isa = PBXGroup;
			children = (
				09549BF7206F80CC003F7D43 /* Careem Movier.app */,
				09549C0E206F80CE003F7D43 /* Careem MovierTests.xctest */,
				09549C19206F80CE003F7D43 /* Careem MovierUITests.xctest */,
			);
			name = Products;
			sourceTree = "<group>";
		};
		09549BF9206F80CC003F7D43 /* Careem Movier */ = {
			isa = PBXGroup;
			children = (
				09549BFA206F80CC003F7D43 /* AppDelegate.swift */,
				09549C37206F9067003F7D43 /* Extensions.swift */,
				09549C3D206FA56A003F7D43 /* API */,
				09549C3E206FA57C003F7D43 /* DataStore */,
				09549C40206FA605003F7D43 /* Models */,
				09549C3F206FA5DF003F7D43 /* SearchViewTrait */,
				09549BFC206F80CC003F7D43 /* SearchViewController.swift */,
				09549BFE206F80CC003F7D43 /* Main.storyboard */,
				09549C04206F80CE003F7D43 /* Assets.xcassets */,
				09549C06206F80CE003F7D43 /* LaunchScreen.storyboard */,
				09549C09206F80CE003F7D43 /* Info.plist */,
				09549C01206F80CC003F7D43 /* Careem_Movier.xcdatamodeld */,
			);
			path = "Careem Movier";
			sourceTree = "<group>";
		};
		09549C11206F80CE003F7D43 /* Careem MovierTests */ = {
			isa = PBXGroup;
			children = (
				09549C12206F80CE003F7D43 /* Careem_MovierTests.swift */,
				09549C14206F80CE003F7D43 /* Info.plist */,
			);
			path = "Careem MovierTests";
			sourceTree = "<group>";
		};
		09549C1C206F80CE003F7D43 /* Careem MovierUITests */ = {
			isa = PBXGroup;
			children = (
				09549C1D206F80CE003F7D43 /* Careem_MovierUITests.swift */,
				09549C1F206F80CE003F7D43 /* Info.plist */,
			);
			path = "Careem MovierUITests";
			sourceTree = "<group>";
		};
		09549C3D206FA56A003F7D43 /* API */ = {
			isa = PBXGroup;
			children = (
				09549C35206F8D0C003F7D43 /* MoviedbAPI.swift */,
				09549C3B206FA44D003F7D43 /* APIDelegate.swift */,
			);
			path = API;
			sourceTree = "<group>";
		};
		09549C3E206FA57C003F7D43 /* DataStore */ = {
			isa = PBXGroup;
			children = (
				09549C31206F8724003F7D43 /* CoreDataStack.swift */,
				09549C33206F8831003F7D43 /* DataStoreDelegate.swift */,
			);
			path = DataStore;
			sourceTree = "<group>";
		};
		09549C3F206FA5DF003F7D43 /* SearchViewTrait */ = {
			isa = PBXGroup;
			children = (
				09ADC0192070DDE40034F2E8 /* ActivityIndicatable.swift */,
				09549C2B206F8359003F7D43 /* SearchViewTrait.swift */,
				09549C2D206F83A3003F7D43 /* SearchInteractor.swift */,
				09549C2F206F8639003F7D43 /* SearchResultCell.swift */,
				09D34AA5207202D200383AAF /* SuggestionCell.swift */,
			);
			path = SearchViewTrait;
			sourceTree = "<group>";
		};
		09549C40206FA605003F7D43 /* Models */ = {
			isa = PBXGroup;
			children = (
				09549C39206F9688003F7D43 /* Movie.swift */,
				092AA1BB2070C020000E676D /* Query.swift */,
				09549C41206FB622003F7D43 /* Search.swift */,
			);
			path = Models;
			sourceTree = "<group>";
		};
/* End PBXGroup section */

/* Begin PBXNativeTarget section */
		09549BF6206F80CC003F7D43 /* Careem Movier */ = {
			isa = PBXNativeTarget;
			buildConfigurationList = 09549C22206F80CE003F7D43 /* Build configuration list for PBXNativeTarget "Careem Movier" */;
			buildPhases = (
				09549BF3206F80CC003F7D43 /* Sources */,
				09549BF4206F80CC003F7D43 /* Frameworks */,
				09549BF5206F80CC003F7D43 /* Resources */,
			);
			buildRules = (
			);
			dependencies = (
			);
			name = "Careem Movier";
			productName = "Careem Movier";
			productReference = 09549BF7206F80CC003F7D43 /* Careem Movier.app */;
			productType = "com.apple.product-type.application";
		};
		09549C0D206F80CE003F7D43 /* Careem MovierTests */ = {
			isa = PBXNativeTarget;
			buildConfigurationList = 09549C25206F80CE003F7D43 /* Build configuration list for PBXNativeTarget "Careem MovierTests" */;
			buildPhases = (
				09549C0A206F80CE003F7D43 /* Sources */,
				09549C0B206F80CE003F7D43 /* Frameworks */,
				09549C0C206F80CE003F7D43 /* Resources */,
			);
			buildRules = (
			);
			dependencies = (
				09549C10206F80CE003F7D43 /* PBXTargetDependency */,
			);
			name = "Careem MovierTests";
			productName = "Careem MovierTests";
			productReference = 09549C0E206F80CE003F7D43 /* Careem MovierTests.xctest */;
			productType = "com.apple.product-type.bundle.unit-test";
		};
		09549C18206F80CE003F7D43 /* Careem MovierUITests */ = {
			isa = PBXNativeTarget;
			buildConfigurationList = 09549C28206F80CE003F7D43 /* Build configuration list for PBXNativeTarget "Careem MovierUITests" */;
			buildPhases = (
				09549C15206F80CE003F7D43 /* Sources */,
				09549C16206F80CE003F7D43 /* Frameworks */,
				09549C17206F80CE003F7D43 /* Resources */,
			);
			buildRules = (
			);
			dependencies = (
				09549C1B206F80CE003F7D43 /* PBXTargetDependency */,
			);
			name = "Careem MovierUITests";
			productName = "Careem MovierUITests";
			productReference = 09549C19206F80CE003F7D43 /* Careem MovierUITests.xctest */;
			productType = "com.apple.product-type.bundle.ui-testing";
		};
/* End PBXNativeTarget section */

/* Begin PBXProject section */
		09549BEF206F80CC003F7D43 /* Project object */ = {
			isa = PBXProject;
			attributes = {
				LastSwiftUpdateCheck = 0930;
				LastUpgradeCheck = 0930;
				ORGANIZATIONNAME = "Andres Wang";
				TargetAttributes = {
					09549BF6206F80CC003F7D43 = {
						CreatedOnToolsVersion = 9.3;
					};
					09549C0D206F80CE003F7D43 = {
						CreatedOnToolsVersion = 9.3;
						TestTargetID = 09549BF6206F80CC003F7D43;
					};
					09549C18206F80CE003F7D43 = {
						CreatedOnToolsVersion = 9.3;
						TestTargetID = 09549BF6206F80CC003F7D43;
					};
				};
			};
			buildConfigurationList = 09549BF2206F80CC003F7D43 /* Build configuration list for PBXProject "Careem Movier" */;
			compatibilityVersion = "Xcode 9.3";
			developmentRegion = en;
			hasScannedForEncodings = 0;
			knownRegions = (
				en,
				Base,
			);
			mainGroup = 09549BEE206F80CC003F7D43;
			productRefGroup = 09549BF8206F80CC003F7D43 /* Products */;
			projectDirPath = "";
			projectRoot = "";
			targets = (
				09549BF6206F80CC003F7D43 /* Careem Movier */,
				09549C0D206F80CE003F7D43 /* Careem MovierTests */,
				09549C18206F80CE003F7D43 /* Careem MovierUITests */,
			);
		};
/* End PBXProject section */

/* Begin PBXResourcesBuildPhase section */
		09549BF5206F80CC003F7D43 /* Resources */ = {
			isa = PBXResourcesBuildPhase;
			buildActionMask = 2147483647;
			files = (
				09549C08206F80CE003F7D43 /* LaunchScreen.storyboard in Resources */,
				09549C05206F80CE003F7D43 /* Assets.xcassets in Resources */,
				09549C00206F80CC003F7D43 /* Main.storyboard in Resources */,
			);
			runOnlyForDeploymentPostprocessing = 0;
		};
		09549C0C206F80CE003F7D43 /* Resources */ = {
			isa = PBXResourcesBuildPhase;
			buildActionMask = 2147483647;
			files = (
			);
			runOnlyForDeploymentPostprocessing = 0;
		};
		09549C17206F80CE003F7D43 /* Resources */ = {
			isa = PBXResourcesBuildPhase;
			buildActionMask = 2147483647;
			files = (
			);
			runOnlyForDeploymentPostprocessing = 0;
		};
/* End PBXResourcesBuildPhase section */

/* Begin PBXSourcesBuildPhase section */
		09549BF3206F80CC003F7D43 /* Sources */ = {
			isa = PBXSourcesBuildPhase;
			buildActionMask = 2147483647;
			files = (
				09549C42206FB622003F7D43 /* Search.swift in Sources */,
				09549C32206F8724003F7D43 /* CoreDataStack.swift in Sources */,
				09549C36206F8D0C003F7D43 /* MoviedbAPI.swift in Sources */,
				09549C03206F80CC003F7D43 /* Careem_Movier.xcdatamodeld in Sources */,
				09549C2C206F8359003F7D43 /* SearchViewTrait.swift in Sources */,
				09549BFD206F80CC003F7D43 /* SearchViewController.swift in Sources */,
				09549C3C206FA44D003F7D43 /* APIDelegate.swift in Sources */,
				09D34AA6207202D200383AAF /* SuggestionCell.swift in Sources */,
				09549C38206F9067003F7D43 /* Extensions.swift in Sources */,
				09ADC01A2070DDE40034F2E8 /* ActivityIndicatable.swift in Sources */,
				092AA1BC2070C020000E676D /* Query.swift in Sources */,
				09549BFB206F80CC003F7D43 /* AppDelegate.swift in Sources */,
				09549C30206F8639003F7D43 /* SearchResultCell.swift in Sources */,
				09549C34206F8831003F7D43 /* DataStoreDelegate.swift in Sources */,
				09549C3A206F9688003F7D43 /* Movie.swift in Sources */,
				09549C2E206F83A3003F7D43 /* SearchInteractor.swift in Sources */,
			);
			runOnlyForDeploymentPostprocessing = 0;
		};
		09549C0A206F80CE003F7D43 /* Sources */ = {
			isa = PBXSourcesBuildPhase;
			buildActionMask = 2147483647;
			files = (
				09549C13206F80CE003F7D43 /* Careem_MovierTests.swift in Sources */,
			);
			runOnlyForDeploymentPostprocessing = 0;
		};
		09549C15206F80CE003F7D43 /* Sources */ = {
			isa = PBXSourcesBuildPhase;
			buildActionMask = 2147483647;
			files = (
				09549C1E206F80CE003F7D43 /* Careem_MovierUITests.swift in Sources */,
			);
			runOnlyForDeploymentPostprocessing = 0;
		};
/* End PBXSourcesBuildPhase section */

/* Begin PBXTargetDependency section */
		09549C10206F80CE003F7D43 /* PBXTargetDependency */ = {
			isa = PBXTargetDependency;
			target = 09549BF6206F80CC003F7D43 /* Careem Movier */;
			targetProxy = 09549C0F206F80CE003F7D43 /* PBXContainerItemProxy */;
		};
		09549C1B206F80CE003F7D43 /* PBXTargetDependency */ = {
			isa = PBXTargetDependency;
			target = 09549BF6206F80CC003F7D43 /* Careem Movier */;
			targetProxy = 09549C1A206F80CE003F7D43 /* PBXContainerItemProxy */;
		};
/* End PBXTargetDependency section */

/* Begin PBXVariantGroup section */
		09549BFE206F80CC003F7D43 /* Main.storyboard */ = {
			isa = PBXVariantGroup;
			children = (
				09549BFF206F80CC003F7D43 /* Base */,
			);
			name = Main.storyboard;
			sourceTree = "<group>";
		};
		09549C06206F80CE003F7D43 /* LaunchScreen.storyboard */ = {
			isa = PBXVariantGroup;
			children = (
				09549C07206F80CE003F7D43 /* Base */,
			);
			name = LaunchScreen.storyboard;
			sourceTree = "<group>";
		};
/* End PBXVariantGroup section */

/* Begin XCBuildConfiguration section */
		09549C20206F80CE003F7D43 /* Debug */ = {
			isa = XCBuildConfiguration;
			buildSettings = {
				ALWAYS_SEARCH_USER_PATHS = NO;
				CLANG_ANALYZER_NONNULL = YES;
				CLANG_ANALYZER_NUMBER_OBJECT_CONVERSION = YES_AGGRESSIVE;
				CLANG_CXX_LANGUAGE_STANDARD = "gnu++14";
				CLANG_CXX_LIBRARY = "libc++";
				CLANG_ENABLE_MODULES = YES;
				CLANG_ENABLE_OBJC_ARC = YES;
				CLANG_ENABLE_OBJC_WEAK = YES;
				CLANG_WARN_BLOCK_CAPTURE_AUTORELEASING = YES;
				CLANG_WARN_BOOL_CONVERSION = YES;
				CLANG_WARN_COMMA = YES;
				CLANG_WARN_CONSTANT_CONVERSION = YES;
				CLANG_WARN_DEPRECATED_OBJC_IMPLEMENTATIONS = YES;
				CLANG_WARN_DIRECT_OBJC_ISA_USAGE = YES_ERROR;
				CLANG_WARN_DOCUMENTATION_COMMENTS = YES;
				CLANG_WARN_EMPTY_BODY = YES;
				CLANG_WARN_ENUM_CONVERSION = YES;
				CLANG_WARN_INFINITE_RECURSION = YES;
				CLANG_WARN_INT_CONVERSION = YES;
				CLANG_WARN_NON_LITERAL_NULL_CONVERSION = YES;
				CLANG_WARN_OBJC_IMPLICIT_RETAIN_SELF = YES;
				CLANG_WARN_OBJC_LITERAL_CONVERSION = YES;
				CLANG_WARN_OBJC_ROOT_CLASS = YES_ERROR;
				CLANG_WARN_RANGE_LOOP_ANALYSIS = YES;
				CLANG_WARN_STRICT_PROTOTYPES = YES;
				CLANG_WARN_SUSPICIOUS_MOVE = YES;
				CLANG_WARN_UNGUARDED_AVAILABILITY = YES_AGGRESSIVE;
				CLANG_WARN_UNREACHABLE_CODE = YES;
				CLANG_WARN__DUPLICATE_METHOD_MATCH = YES;
				CODE_SIGN_IDENTITY = "iPhone Developer";
				COPY_PHASE_STRIP = NO;
				DEBUG_INFORMATION_FORMAT = dwarf;
				ENABLE_STRICT_OBJC_MSGSEND = YES;
				ENABLE_TESTABILITY = YES;
				GCC_C_LANGUAGE_STANDARD = gnu11;
				GCC_DYNAMIC_NO_PIC = NO;
				GCC_NO_COMMON_BLOCKS = YES;
				GCC_OPTIMIZATION_LEVEL = 0;
				GCC_PREPROCESSOR_DEFINITIONS = (
					"DEBUG=1",
					"$(inherited)",
				);
				GCC_WARN_64_TO_32_BIT_CONVERSION = YES;
				GCC_WARN_ABOUT_RETURN_TYPE = YES_ERROR;
				GCC_WARN_UNDECLARED_SELECTOR = YES;
				GCC_WARN_UNINITIALIZED_AUTOS = YES_AGGRESSIVE;
				GCC_WARN_UNUSED_FUNCTION = YES;
				GCC_WARN_UNUSED_VARIABLE = YES;
				IPHONEOS_DEPLOYMENT_TARGET = 11.3;
				MTL_ENABLE_DEBUG_INFO = YES;
				ONLY_ACTIVE_ARCH = YES;
				SDKROOT = iphoneos;
				SWIFT_ACTIVE_COMPILATION_CONDITIONS = DEBUG;
				SWIFT_OPTIMIZATION_LEVEL = "-Onone";
			};
			name = Debug;
		};
		09549C21206F80CE003F7D43 /* Release */ = {
			isa = XCBuildConfiguration;
			buildSettings = {
				ALWAYS_SEARCH_USER_PATHS = NO;
				CLANG_ANALYZER_NONNULL = YES;
				CLANG_ANALYZER_NUMBER_OBJECT_CONVERSION = YES_AGGRESSIVE;
				CLANG_CXX_LANGUAGE_STANDARD = "gnu++14";
				CLANG_CXX_LIBRARY = "libc++";
				CLANG_ENABLE_MODULES = YES;
				CLANG_ENABLE_OBJC_ARC = YES;
				CLANG_ENABLE_OBJC_WEAK = YES;
				CLANG_WARN_BLOCK_CAPTURE_AUTORELEASING = YES;
				CLANG_WARN_BOOL_CONVERSION = YES;
				CLANG_WARN_COMMA = YES;
				CLANG_WARN_CONSTANT_CONVERSION = YES;
				CLANG_WARN_DEPRECATED_OBJC_IMPLEMENTATIONS = YES;
				CLANG_WARN_DIRECT_OBJC_ISA_USAGE = YES_ERROR;
				CLANG_WARN_DOCUMENTATION_COMMENTS = YES;
				CLANG_WARN_EMPTY_BODY = YES;
				CLANG_WARN_ENUM_CONVERSION = YES;
				CLANG_WARN_INFINITE_RECURSION = YES;
				CLANG_WARN_INT_CONVERSION = YES;
				CLANG_WARN_NON_LITERAL_NULL_CONVERSION = YES;
				CLANG_WARN_OBJC_IMPLICIT_RETAIN_SELF = YES;
				CLANG_WARN_OBJC_LITERAL_CONVERSION = YES;
				CLANG_WARN_OBJC_ROOT_CLASS = YES_ERROR;
				CLANG_WARN_RANGE_LOOP_ANALYSIS = YES;
				CLANG_WARN_STRICT_PROTOTYPES = YES;
				CLANG_WARN_SUSPICIOUS_MOVE = YES;
				CLANG_WARN_UNGUARDED_AVAILABILITY = YES_AGGRESSIVE;
				CLANG_WARN_UNREACHABLE_CODE = YES;
				CLANG_WARN__DUPLICATE_METHOD_MATCH = YES;
				CODE_SIGN_IDENTITY = "iPhone Developer";
				COPY_PHASE_STRIP = NO;
				DEBUG_INFORMATION_FORMAT = "dwarf-with-dsym";
				ENABLE_NS_ASSERTIONS = NO;
				ENABLE_STRICT_OBJC_MSGSEND = YES;
				GCC_C_LANGUAGE_STANDARD = gnu11;
				GCC_NO_COMMON_BLOCKS = YES;
				GCC_WARN_64_TO_32_BIT_CONVERSION = YES;
				GCC_WARN_ABOUT_RETURN_TYPE = YES_ERROR;
				GCC_WARN_UNDECLARED_SELECTOR = YES;
				GCC_WARN_UNINITIALIZED_AUTOS = YES_AGGRESSIVE;
				GCC_WARN_UNUSED_FUNCTION = YES;
				GCC_WARN_UNUSED_VARIABLE = YES;
				IPHONEOS_DEPLOYMENT_TARGET = 11.3;
				MTL_ENABLE_DEBUG_INFO = NO;
				SDKROOT = iphoneos;
				SWIFT_COMPILATION_MODE = wholemodule;
				SWIFT_OPTIMIZATION_LEVEL = "-O";
				VALIDATE_PRODUCT = YES;
			};
			name = Release;
		};
		09549C23206F80CE003F7D43 /* Debug */ = {
			isa = XCBuildConfiguration;
			buildSettings = {
				ASSETCATALOG_COMPILER_APPICON_NAME = AppIcon;
				CODE_SIGN_STYLE = Automatic;
				DEVELOPMENT_TEAM = RVS6S5R9G3;
				INFOPLIST_FILE = "Careem Movier/Info.plist";
				LD_RUNPATH_SEARCH_PATHS = (
					"$(inherited)",
					"@executable_path/Frameworks",
				);
				PRODUCT_BUNDLE_IDENTIFIER = "com.andreswang.Careem-Movier";
				PRODUCT_NAME = "$(TARGET_NAME)";
				SWIFT_VERSION = 4.0;
				TARGETED_DEVICE_FAMILY = "1,2";
			};
			name = Debug;
		};
		09549C24206F80CE003F7D43 /* Release */ = {
			isa = XCBuildConfiguration;
			buildSettings = {
				ASSETCATALOG_COMPILER_APPICON_NAME = AppIcon;
				CODE_SIGN_STYLE = Automatic;
				DEVELOPMENT_TEAM = RVS6S5R9G3;
				INFOPLIST_FILE = "Careem Movier/Info.plist";
				LD_RUNPATH_SEARCH_PATHS = (
					"$(inherited)",
					"@executable_path/Frameworks",
				);
				PRODUCT_BUNDLE_IDENTIFIER = "com.andreswang.Careem-Movier";
				PRODUCT_NAME = "$(TARGET_NAME)";
				SWIFT_VERSION = 4.0;
				TARGETED_DEVICE_FAMILY = "1,2";
			};
			name = Release;
		};
		09549C26206F80CE003F7D43 /* Debug */ = {
			isa = XCBuildConfiguration;
			buildSettings = {
				ALWAYS_EMBED_SWIFT_STANDARD_LIBRARIES = YES;
				BUNDLE_LOADER = "$(TEST_HOST)";
				CODE_SIGN_STYLE = Automatic;
				DEVELOPMENT_TEAM = RVS6S5R9G3;
				INFOPLIST_FILE = "Careem MovierTests/Info.plist";
				LD_RUNPATH_SEARCH_PATHS = (
					"$(inherited)",
					"@executable_path/Frameworks",
					"@loader_path/Frameworks",
				);
				PRODUCT_BUNDLE_IDENTIFIER = "com.andreswang.Careem-MovierTests";
				PRODUCT_NAME = "$(TARGET_NAME)";
				SWIFT_VERSION = 4.0;
				TARGETED_DEVICE_FAMILY = "1,2";
				TEST_HOST = "$(BUILT_PRODUCTS_DIR)/Careem Movier.app/Careem Movier";
			};
			name = Debug;
		};
		09549C27206F80CE003F7D43 /* Release */ = {
			isa = XCBuildConfiguration;
			buildSettings = {
				ALWAYS_EMBED_SWIFT_STANDARD_LIBRARIES = YES;
				BUNDLE_LOADER = "$(TEST_HOST)";
				CODE_SIGN_STYLE = Automatic;
				DEVELOPMENT_TEAM = RVS6S5R9G3;
				INFOPLIST_FILE = "Careem MovierTests/Info.plist";
				LD_RUNPATH_SEARCH_PATHS = (
					"$(inherited)",
					"@executable_path/Frameworks",
					"@loader_path/Frameworks",
				);
				PRODUCT_BUNDLE_IDENTIFIER = "com.andreswang.Careem-MovierTests";
				PRODUCT_NAME = "$(TARGET_NAME)";
				SWIFT_VERSION = 4.0;
				TARGETED_DEVICE_FAMILY = "1,2";
				TEST_HOST = "$(BUILT_PRODUCTS_DIR)/Careem Movier.app/Careem Movier";
			};
			name = Release;
		};
		09549C29206F80CE003F7D43 /* Debug */ = {
			isa = XCBuildConfiguration;
			buildSettings = {
				ALWAYS_EMBED_SWIFT_STANDARD_LIBRARIES = YES;
				CODE_SIGN_STYLE = Automatic;
				DEVELOPMENT_TEAM = RVS6S5R9G3;
				INFOPLIST_FILE = "Careem MovierUITests/Info.plist";
				LD_RUNPATH_SEARCH_PATHS = (
					"$(inherited)",
					"@executable_path/Frameworks",
					"@loader_path/Frameworks",
				);
				PRODUCT_BUNDLE_IDENTIFIER = "com.andreswang.Careem-MovierUITests";
				PRODUCT_NAME = "$(TARGET_NAME)";
				SWIFT_VERSION = 4.0;
				TARGETED_DEVICE_FAMILY = "1,2";
				TEST_TARGET_NAME = "Careem Movier";
			};
			name = Debug;
		};
		09549C2A206F80CE003F7D43 /* Release */ = {
			isa = XCBuildConfiguration;
			buildSettings = {
				ALWAYS_EMBED_SWIFT_STANDARD_LIBRARIES = YES;
				CODE_SIGN_STYLE = Automatic;
				DEVELOPMENT_TEAM = RVS6S5R9G3;
				INFOPLIST_FILE = "Careem MovierUITests/Info.plist";
				LD_RUNPATH_SEARCH_PATHS = (
					"$(inherited)",
					"@executable_path/Frameworks",
					"@loader_path/Frameworks",
				);
				PRODUCT_BUNDLE_IDENTIFIER = "com.andreswang.Careem-MovierUITests";
				PRODUCT_NAME = "$(TARGET_NAME)";
				SWIFT_VERSION = 4.0;
				TARGETED_DEVICE_FAMILY = "1,2";
				TEST_TARGET_NAME = "Careem Movier";
			};
			name = Release;
		};
/* End XCBuildConfiguration section */

/* Begin XCConfigurationList section */
		09549BF2206F80CC003F7D43 /* Build configuration list for PBXProject "Careem Movier" */ = {
			isa = XCConfigurationList;
			buildConfigurations = (
				09549C20206F80CE003F7D43 /* Debug */,
				09549C21206F80CE003F7D43 /* Release */,
			);
			defaultConfigurationIsVisible = 0;
			defaultConfigurationName = Release;
		};
		09549C22206F80CE003F7D43 /* Build configuration list for PBXNativeTarget "Careem Movier" */ = {
			isa = XCConfigurationList;
			buildConfigurations = (
				09549C23206F80CE003F7D43 /* Debug */,
				09549C24206F80CE003F7D43 /* Release */,
			);
			defaultConfigurationIsVisible = 0;
			defaultConfigurationName = Release;
		};
		09549C25206F80CE003F7D43 /* Build configuration list for PBXNativeTarget "Careem MovierTests" */ = {
			isa = XCConfigurationList;
			buildConfigurations = (
				09549C26206F80CE003F7D43 /* Debug */,
				09549C27206F80CE003F7D43 /* Release */,
			);
			defaultConfigurationIsVisible = 0;
			defaultConfigurationName = Release;
		};
		09549C28206F80CE003F7D43 /* Build configuration list for PBXNativeTarget "Careem MovierUITests" */ = {
			isa = XCConfigurationList;
			buildConfigurations = (
				09549C29206F80CE003F7D43 /* Debug */,
				09549C2A206F80CE003F7D43 /* Release */,
			);
			defaultConfigurationIsVisible = 0;
			defaultConfigurationName = Release;
		};
/* End XCConfigurationList section */

/* Begin XCVersionGroup section */
		09549C01206F80CC003F7D43 /* Careem_Movier.xcdatamodeld */ = {
			isa = XCVersionGroup;
			children = (
				09549C02206F80CC003F7D43 /* Careem_Movier.xcdatamodel */,
			);
			currentVersion = 09549C02206F80CC003F7D43 /* Careem_Movier.xcdatamodel */;
			path = Careem_Movier.xcdatamodeld;
			sourceTree = "<group>";
			versionGroupType = wrapper.xcdatamodel;
		};
/* End XCVersionGroup section */
	};
	rootObject = 09549BEF206F80CC003F7D43 /* Project object */;
}
